// !$*UTF8*$!
{
	archiveVersion = 1;
	classes = {
	};
	objectVersion = 46;
	objects = {

/* Begin PBXBuildFile section */
		6F1B40C11EA250C40029C586 /* FEPhotoDetailViewController.m in Sources */ = {isa = PBXBuildFile; fileRef = 6F1B40BF1EA250C40029C586 /* FEPhotoDetailViewController.m */; };
		6F1B40C21EA250C40029C586 /* FEPhotoDetailViewController.xib in Resources */ = {isa = PBXBuildFile; fileRef = 6F1B40C01EA250C40029C586 /* FEPhotoDetailViewController.xib */; };
		6F1B40C51EA26E770029C586 /* FEPhotoInfoResult.m in Sources */ = {isa = PBXBuildFile; fileRef = 6F1B40C41EA26E770029C586 /* FEPhotoInfoResult.m */; };
		6F1B40C81EA276C30029C586 /* FEContent.m in Sources */ = {isa = PBXBuildFile; fileRef = 6F1B40C71EA276C30029C586 /* FEContent.m */; };
		6F1B40CB1EA32C9D0029C586 /* FETagSelectionView.m in Sources */ = {isa = PBXBuildFile; fileRef = 6F1B40CA1EA32C9D0029C586 /* FETagSelectionView.m */; };
		6F1B40CE1EA32CF60029C586 /* FELoadingIndicatorView.m in Sources */ = {isa = PBXBuildFile; fileRef = 6F1B40CD1EA32CF60029C586 /* FELoadingIndicatorView.m */; };
		6F1B40D11EA33ADF0029C586 /* FEUITheme.m in Sources */ = {isa = PBXBuildFile; fileRef = 6F1B40D01EA33ADF0029C586 /* FEUITheme.m */; };
		6F2D5E581E9E7B0C0038FFF5 /* main.m in Sources */ = {isa = PBXBuildFile; fileRef = 6F2D5E571E9E7B0C0038FFF5 /* main.m */; };
		6F2D5E5B1E9E7B0C0038FFF5 /* AppDelegate.m in Sources */ = {isa = PBXBuildFile; fileRef = 6F2D5E5A1E9E7B0C0038FFF5 /* AppDelegate.m */; };
		6F2D5E631E9E7B0C0038FFF5 /* Assets.xcassets in Resources */ = {isa = PBXBuildFile; fileRef = 6F2D5E621E9E7B0C0038FFF5 /* Assets.xcassets */; };
		6F2D5E7C1E9E7B0C0038FFF5 /* Flickr_ExplorerUITests.m in Sources */ = {isa = PBXBuildFile; fileRef = 6F2D5E7B1E9E7B0C0038FFF5 /* Flickr_ExplorerUITests.m */; };
		6F2D5E921E9E7DF80038FFF5 /* FESearchViewController.m in Sources */ = {isa = PBXBuildFile; fileRef = 6F2D5E911E9E7DF80038FFF5 /* FESearchViewController.m */; };
		6F2D5E961E9E86F30038FFF5 /* Launch Screen.storyboard in Resources */ = {isa = PBXBuildFile; fileRef = 6F2D5E951E9E86F30038FFF5 /* Launch Screen.storyboard */; };
		6F2D5E991E9E88570038FFF5 /* FESearchLogic.m in Sources */ = {isa = PBXBuildFile; fileRef = 6F2D5E981E9E88570038FFF5 /* FESearchLogic.m */; };
		6F2D5EA51E9E8E120038FFF5 /* Secrets.plist in Resources */ = {isa = PBXBuildFile; fileRef = 6F2D5EA41E9E8E120038FFF5 /* Secrets.plist */; };
		6F2D5EA71E9E8FEE0038FFF5 /* Configurations.plist in Resources */ = {isa = PBXBuildFile; fileRef = 6F2D5EA61E9E8FEE0038FFF5 /* Configurations.plist */; };
		6F2D5EAC1E9E9D730038FFF5 /* FEPhotoCollectionViewCell.m in Sources */ = {isa = PBXBuildFile; fileRef = 6F2D5EAA1E9E9D730038FFF5 /* FEPhotoCollectionViewCell.m */; };
		6F2D5EAD1E9E9D730038FFF5 /* FEPhotoCollectionViewCell.xib in Resources */ = {isa = PBXBuildFile; fileRef = 6F2D5EAB1E9E9D730038FFF5 /* FEPhotoCollectionViewCell.xib */; };
		6F2D5EB71EA08FAE0038FFF5 /* FEXmlParser.m in Sources */ = {isa = PBXBuildFile; fileRef = 6F2D5EB21EA08FAE0038FFF5 /* FEXmlParser.m */; };
		6F2D5EB81EA08FAE0038FFF5 /* FEFlickrAPIDataProvider.m in Sources */ = {isa = PBXBuildFile; fileRef = 6F2D5EB51EA08FAE0038FFF5 /* FEFlickrAPIDataProvider.m */; };
		6F2D5EBB1EA08FC60038FFF5 /* FELocationProvider.m in Sources */ = {isa = PBXBuildFile; fileRef = 6F2D5EBA1EA08FC60038FFF5 /* FELocationProvider.m */; };
		6F2D5EBE1EA090FB0038FFF5 /* FEJsonParser.m in Sources */ = {isa = PBXBuildFile; fileRef = 6F2D5EBD1EA090FB0038FFF5 /* FEJsonParser.m */; };
		6F8948071EA095530096B5A0 /* FEPhoto.m in Sources */ = {isa = PBXBuildFile; fileRef = 6F8948061EA095530096B5A0 /* FEPhoto.m */; };
		6F89480A1EA095610096B5A0 /* FEPhotoList.m in Sources */ = {isa = PBXBuildFile; fileRef = 6F8948091EA095610096B5A0 /* FEPhotoList.m */; };
		6F8948101EA0B2F90096B5A0 /* FEConfigurations.m in Sources */ = {isa = PBXBuildFile; fileRef = 6F89480F1EA0B2F90096B5A0 /* FEConfigurations.m */; };
		6F8948141EA0C3D70096B5A0 /* FEHelper.m in Sources */ = {isa = PBXBuildFile; fileRef = 6F8948131EA0C3D70096B5A0 /* FEHelper.m */; };
		6F8948171EA0CF200096B5A0 /* FEBaseModel.m in Sources */ = {isa = PBXBuildFile; fileRef = 6F8948161EA0CF200096B5A0 /* FEBaseModel.m */; };
		6F89481A1EA0E6700096B5A0 /* FESearchResult.m in Sources */ = {isa = PBXBuildFile; fileRef = 6F8948191EA0E6700096B5A0 /* FESearchResult.m */; };
		6F89481F1EA2227B0096B5A0 /* FEMemoryCache.m in Sources */ = {isa = PBXBuildFile; fileRef = 6F89481E1EA2227B0096B5A0 /* FEMemoryCache.m */; };
		6FC6154C1EA3BE1F00A6A517 /* FEPeople.m in Sources */ = {isa = PBXBuildFile; fileRef = 6FC6154B1EA3BE1F00A6A517 /* FEPeople.m */; };
		6FC615511EA3C52100A6A517 /* FEPhotoListTest.m in Sources */ = {isa = PBXBuildFile; fileRef = 6FC615501EA3C52100A6A517 /* FEPhotoListTest.m */; };
		6FC615531EA3C58E00A6A517 /* FESearchLogicTest.m in Sources */ = {isa = PBXBuildFile; fileRef = 6FC615521EA3C58E00A6A517 /* FESearchLogicTest.m */; };
		6FC615551EA3C5C300A6A517 /* FEBaseModelTest.m in Sources */ = {isa = PBXBuildFile; fileRef = 6FC615541EA3C5C300A6A517 /* FEBaseModelTest.m */; };
		6FC615571EA3C60300A6A517 /* FEFlickrAPIDataProviderTest.m in Sources */ = {isa = PBXBuildFile; fileRef = 6FC615561EA3C60300A6A517 /* FEFlickrAPIDataProviderTest.m */; };
/* End PBXBuildFile section */

/* Begin PBXContainerItemProxy section */
		6F2D5E6D1E9E7B0C0038FFF5 /* PBXContainerItemProxy */ = {
			isa = PBXContainerItemProxy;
			containerPortal = 6F2D5E4B1E9E7B0C0038FFF5 /* Project object */;
			proxyType = 1;
			remoteGlobalIDString = 6F2D5E521E9E7B0C0038FFF5;
			remoteInfo = "Flickr Explorer";
		};
		6F2D5E781E9E7B0C0038FFF5 /* PBXContainerItemProxy */ = {
			isa = PBXContainerItemProxy;
			containerPortal = 6F2D5E4B1E9E7B0C0038FFF5 /* Project object */;
			proxyType = 1;
			remoteGlobalIDString = 6F2D5E521E9E7B0C0038FFF5;
			remoteInfo = "Flickr Explorer";
		};
/* End PBXContainerItemProxy section */

/* Begin PBXFileReference section */
		6F1B40BE1EA250C40029C586 /* FEPhotoDetailViewController.h */ = {isa = PBXFileReference; fileEncoding = 4; lastKnownFileType = sourcecode.c.h; path = FEPhotoDetailViewController.h; sourceTree = "<group>"; };
		6F1B40BF1EA250C40029C586 /* FEPhotoDetailViewController.m */ = {isa = PBXFileReference; fileEncoding = 4; lastKnownFileType = sourcecode.c.objc; path = FEPhotoDetailViewController.m; sourceTree = "<group>"; };
		6F1B40C01EA250C40029C586 /* FEPhotoDetailViewController.xib */ = {isa = PBXFileReference; fileEncoding = 4; lastKnownFileType = file.xib; path = FEPhotoDetailViewController.xib; sourceTree = "<group>"; };
		6F1B40C31EA26E770029C586 /* FEPhotoInfoResult.h */ = {isa = PBXFileReference; fileEncoding = 4; lastKnownFileType = sourcecode.c.h; path = FEPhotoInfoResult.h; sourceTree = "<group>"; };
		6F1B40C41EA26E770029C586 /* FEPhotoInfoResult.m */ = {isa = PBXFileReference; fileEncoding = 4; lastKnownFileType = sourcecode.c.objc; path = FEPhotoInfoResult.m; sourceTree = "<group>"; };
		6F1B40C61EA276C30029C586 /* FEContent.h */ = {isa = PBXFileReference; fileEncoding = 4; lastKnownFileType = sourcecode.c.h; path = FEContent.h; sourceTree = "<group>"; };
		6F1B40C71EA276C30029C586 /* FEContent.m */ = {isa = PBXFileReference; fileEncoding = 4; lastKnownFileType = sourcecode.c.objc; path = FEContent.m; sourceTree = "<group>"; };
		6F1B40C91EA32C9D0029C586 /* FETagSelectionView.h */ = {isa = PBXFileReference; fileEncoding = 4; lastKnownFileType = sourcecode.c.h; path = FETagSelectionView.h; sourceTree = "<group>"; };
		6F1B40CA1EA32C9D0029C586 /* FETagSelectionView.m */ = {isa = PBXFileReference; fileEncoding = 4; lastKnownFileType = sourcecode.c.objc; path = FETagSelectionView.m; sourceTree = "<group>"; };
		6F1B40CC1EA32CF60029C586 /* FELoadingIndicatorView.h */ = {isa = PBXFileReference; fileEncoding = 4; lastKnownFileType = sourcecode.c.h; path = FELoadingIndicatorView.h; sourceTree = "<group>"; };
		6F1B40CD1EA32CF60029C586 /* FELoadingIndicatorView.m */ = {isa = PBXFileReference; fileEncoding = 4; lastKnownFileType = sourcecode.c.objc; path = FELoadingIndicatorView.m; sourceTree = "<group>"; };
		6F1B40CF1EA33ADF0029C586 /* FEUITheme.h */ = {isa = PBXFileReference; fileEncoding = 4; lastKnownFileType = sourcecode.c.h; path = FEUITheme.h; sourceTree = "<group>"; };
		6F1B40D01EA33ADF0029C586 /* FEUITheme.m */ = {isa = PBXFileReference; fileEncoding = 4; lastKnownFileType = sourcecode.c.objc; path = FEUITheme.m; sourceTree = "<group>"; };
		6F2D5E531E9E7B0C0038FFF5 /* Flickr Explorer.app */ = {isa = PBXFileReference; explicitFileType = wrapper.application; includeInIndex = 0; path = "Flickr Explorer.app"; sourceTree = BUILT_PRODUCTS_DIR; };
		6F2D5E571E9E7B0C0038FFF5 /* main.m */ = {isa = PBXFileReference; lastKnownFileType = sourcecode.c.objc; path = main.m; sourceTree = "<group>"; };
		6F2D5E591E9E7B0C0038FFF5 /* AppDelegate.h */ = {isa = PBXFileReference; lastKnownFileType = sourcecode.c.h; path = AppDelegate.h; sourceTree = "<group>"; };
		6F2D5E5A1E9E7B0C0038FFF5 /* AppDelegate.m */ = {isa = PBXFileReference; lastKnownFileType = sourcecode.c.objc; path = AppDelegate.m; sourceTree = "<group>"; };
		6F2D5E621E9E7B0C0038FFF5 /* Assets.xcassets */ = {isa = PBXFileReference; lastKnownFileType = folder.assetcatalog; path = Assets.xcassets; sourceTree = "<group>"; };
		6F2D5E671E9E7B0C0038FFF5 /* Info.plist */ = {isa = PBXFileReference; lastKnownFileType = text.plist.xml; path = Info.plist; sourceTree = "<group>"; };
		6F2D5E6C1E9E7B0C0038FFF5 /* Flickr ExplorerTests.xctest */ = {isa = PBXFileReference; explicitFileType = wrapper.cfbundle; includeInIndex = 0; path = "Flickr ExplorerTests.xctest"; sourceTree = BUILT_PRODUCTS_DIR; };
		6F2D5E721E9E7B0C0038FFF5 /* Info.plist */ = {isa = PBXFileReference; lastKnownFileType = text.plist.xml; path = Info.plist; sourceTree = "<group>"; };
		6F2D5E771E9E7B0C0038FFF5 /* Flickr ExplorerUITests.xctest */ = {isa = PBXFileReference; explicitFileType = wrapper.cfbundle; includeInIndex = 0; path = "Flickr ExplorerUITests.xctest"; sourceTree = BUILT_PRODUCTS_DIR; };
		6F2D5E7B1E9E7B0C0038FFF5 /* Flickr_ExplorerUITests.m */ = {isa = PBXFileReference; lastKnownFileType = sourcecode.c.objc; path = Flickr_ExplorerUITests.m; sourceTree = "<group>"; };
		6F2D5E7D1E9E7B0C0038FFF5 /* Info.plist */ = {isa = PBXFileReference; lastKnownFileType = text.plist.xml; path = Info.plist; sourceTree = "<group>"; };
		6F2D5E901E9E7DF80038FFF5 /* FESearchViewController.h */ = {isa = PBXFileReference; fileEncoding = 4; lastKnownFileType = sourcecode.c.h; path = FESearchViewController.h; sourceTree = "<group>"; };
		6F2D5E911E9E7DF80038FFF5 /* FESearchViewController.m */ = {isa = PBXFileReference; fileEncoding = 4; lastKnownFileType = sourcecode.c.objc; path = FESearchViewController.m; sourceTree = "<group>"; };
		6F2D5E951E9E86F30038FFF5 /* Launch Screen.storyboard */ = {isa = PBXFileReference; fileEncoding = 4; lastKnownFileType = file.storyboard; path = "Launch Screen.storyboard"; sourceTree = "<group>"; };
		6F2D5E971E9E88570038FFF5 /* FESearchLogic.h */ = {isa = PBXFileReference; fileEncoding = 4; lastKnownFileType = sourcecode.c.h; path = FESearchLogic.h; sourceTree = "<group>"; };
		6F2D5E981E9E88570038FFF5 /* FESearchLogic.m */ = {isa = PBXFileReference; fileEncoding = 4; lastKnownFileType = sourcecode.c.objc; path = FESearchLogic.m; sourceTree = "<group>"; };
		6F2D5EA41E9E8E120038FFF5 /* Secrets.plist */ = {isa = PBXFileReference; fileEncoding = 4; lastKnownFileType = text.plist.xml; path = Secrets.plist; sourceTree = "<group>"; };
		6F2D5EA61E9E8FEE0038FFF5 /* Configurations.plist */ = {isa = PBXFileReference; fileEncoding = 4; lastKnownFileType = text.plist.xml; path = Configurations.plist; sourceTree = "<group>"; };
		6F2D5EA91E9E9D730038FFF5 /* FEPhotoCollectionViewCell.h */ = {isa = PBXFileReference; fileEncoding = 4; lastKnownFileType = sourcecode.c.h; path = FEPhotoCollectionViewCell.h; sourceTree = "<group>"; };
		6F2D5EAA1E9E9D730038FFF5 /* FEPhotoCollectionViewCell.m */ = {isa = PBXFileReference; fileEncoding = 4; lastKnownFileType = sourcecode.c.objc; path = FEPhotoCollectionViewCell.m; sourceTree = "<group>"; };
		6F2D5EAB1E9E9D730038FFF5 /* FEPhotoCollectionViewCell.xib */ = {isa = PBXFileReference; fileEncoding = 4; lastKnownFileType = file.xib; path = FEPhotoCollectionViewCell.xib; sourceTree = "<group>"; };
		6F2D5EB11EA08FAE0038FFF5 /* FEXmlParser.h */ = {isa = PBXFileReference; fileEncoding = 4; lastKnownFileType = sourcecode.c.h; path = FEXmlParser.h; sourceTree = "<group>"; };
		6F2D5EB21EA08FAE0038FFF5 /* FEXmlParser.m */ = {isa = PBXFileReference; fileEncoding = 4; lastKnownFileType = sourcecode.c.objc; path = FEXmlParser.m; sourceTree = "<group>"; };
		6F2D5EB41EA08FAE0038FFF5 /* FEFlickrAPIDataProvider.h */ = {isa = PBXFileReference; fileEncoding = 4; lastKnownFileType = sourcecode.c.h; path = FEFlickrAPIDataProvider.h; sourceTree = "<group>"; };
		6F2D5EB51EA08FAE0038FFF5 /* FEFlickrAPIDataProvider.m */ = {isa = PBXFileReference; fileEncoding = 4; lastKnownFileType = sourcecode.c.objc; path = FEFlickrAPIDataProvider.m; sourceTree = "<group>"; };
		6F2D5EB91EA08FC60038FFF5 /* FELocationProvider.h */ = {isa = PBXFileReference; fileEncoding = 4; lastKnownFileType = sourcecode.c.h; path = FELocationProvider.h; sourceTree = "<group>"; };
		6F2D5EBA1EA08FC60038FFF5 /* FELocationProvider.m */ = {isa = PBXFileReference; fileEncoding = 4; lastKnownFileType = sourcecode.c.objc; path = FELocationProvider.m; sourceTree = "<group>"; };
		6F2D5EBC1EA090FB0038FFF5 /* FEJsonParser.h */ = {isa = PBXFileReference; fileEncoding = 4; lastKnownFileType = sourcecode.c.h; path = FEJsonParser.h; sourceTree = "<group>"; };
		6F2D5EBD1EA090FB0038FFF5 /* FEJsonParser.m */ = {isa = PBXFileReference; fileEncoding = 4; lastKnownFileType = sourcecode.c.objc; path = FEJsonParser.m; sourceTree = "<group>"; };
		6F2D5EBF1EA091210038FFF5 /* FEDataToObjectParser.h */ = {isa = PBXFileReference; lastKnownFileType = sourcecode.c.h; path = FEDataToObjectParser.h; sourceTree = "<group>"; };
		6F8948051EA095530096B5A0 /* FEPhoto.h */ = {isa = PBXFileReference; fileEncoding = 4; lastKnownFileType = sourcecode.c.h; path = FEPhoto.h; sourceTree = "<group>"; };
		6F8948061EA095530096B5A0 /* FEPhoto.m */ = {isa = PBXFileReference; fileEncoding = 4; lastKnownFileType = sourcecode.c.objc; path = FEPhoto.m; sourceTree = "<group>"; };
		6F8948081EA095610096B5A0 /* FEPhotoList.h */ = {isa = PBXFileReference; fileEncoding = 4; lastKnownFileType = sourcecode.c.h; path = FEPhotoList.h; sourceTree = "<group>"; };
		6F8948091EA095610096B5A0 /* FEPhotoList.m */ = {isa = PBXFileReference; fileEncoding = 4; lastKnownFileType = sourcecode.c.objc; path = FEPhotoList.m; sourceTree = "<group>"; };
		6F89480E1EA0B2F90096B5A0 /* FEConfigurations.h */ = {isa = PBXFileReference; fileEncoding = 4; lastKnownFileType = sourcecode.c.h; path = FEConfigurations.h; sourceTree = "<group>"; };
		6F89480F1EA0B2F90096B5A0 /* FEConfigurations.m */ = {isa = PBXFileReference; fileEncoding = 4; lastKnownFileType = sourcecode.c.objc; path = FEConfigurations.m; sourceTree = "<group>"; };
		6F8948121EA0C3D70096B5A0 /* FEHelper.h */ = {isa = PBXFileReference; fileEncoding = 4; lastKnownFileType = sourcecode.c.h; path = FEHelper.h; sourceTree = "<group>"; };
		6F8948131EA0C3D70096B5A0 /* FEHelper.m */ = {isa = PBXFileReference; fileEncoding = 4; lastKnownFileType = sourcecode.c.objc; path = FEHelper.m; sourceTree = "<group>"; };
		6F8948151EA0CF200096B5A0 /* FEBaseModel.h */ = {isa = PBXFileReference; fileEncoding = 4; lastKnownFileType = sourcecode.c.h; path = FEBaseModel.h; sourceTree = "<group>"; };
		6F8948161EA0CF200096B5A0 /* FEBaseModel.m */ = {isa = PBXFileReference; fileEncoding = 4; lastKnownFileType = sourcecode.c.objc; path = FEBaseModel.m; sourceTree = "<group>"; };
		6F8948181EA0E6700096B5A0 /* FESearchResult.h */ = {isa = PBXFileReference; fileEncoding = 4; lastKnownFileType = sourcecode.c.h; path = FESearchResult.h; sourceTree = "<group>"; };
		6F8948191EA0E6700096B5A0 /* FESearchResult.m */ = {isa = PBXFileReference; fileEncoding = 4; lastKnownFileType = sourcecode.c.objc; path = FESearchResult.m; sourceTree = "<group>"; };
		6F89481B1EA1F8060096B5A0 /* FEImageProvider.h */ = {isa = PBXFileReference; fileEncoding = 4; lastKnownFileType = sourcecode.c.h; path = FEImageProvider.h; sourceTree = "<group>"; };
		6F89481C1EA1F81E0096B5A0 /* FEDataProvider.h */ = {isa = PBXFileReference; fileEncoding = 4; lastKnownFileType = sourcecode.c.h; path = FEDataProvider.h; sourceTree = "<group>"; };
		6F89481D1EA2227B0096B5A0 /* FEMemoryCache.h */ = {isa = PBXFileReference; fileEncoding = 4; lastKnownFileType = sourcecode.c.h; path = FEMemoryCache.h; sourceTree = "<group>"; };
		6F89481E1EA2227B0096B5A0 /* FEMemoryCache.m */ = {isa = PBXFileReference; fileEncoding = 4; lastKnownFileType = sourcecode.c.objc; path = FEMemoryCache.m; sourceTree = "<group>"; };
		6F8948201EA2292C0096B5A0 /* FEObjectCache.h */ = {isa = PBXFileReference; fileEncoding = 4; lastKnownFileType = sourcecode.c.h; path = FEObjectCache.h; sourceTree = "<group>"; };
		6FC6154A1EA3BE1F00A6A517 /* FEPeople.h */ = {isa = PBXFileReference; fileEncoding = 4; lastKnownFileType = sourcecode.c.h; path = FEPeople.h; sourceTree = "<group>"; };
		6FC6154B1EA3BE1F00A6A517 /* FEPeople.m */ = {isa = PBXFileReference; fileEncoding = 4; lastKnownFileType = sourcecode.c.objc; path = FEPeople.m; sourceTree = "<group>"; };
		6FC615501EA3C52100A6A517 /* FEPhotoListTest.m */ = {isa = PBXFileReference; fileEncoding = 4; lastKnownFileType = sourcecode.c.objc; path = FEPhotoListTest.m; sourceTree = "<group>"; };
		6FC615521EA3C58E00A6A517 /* FESearchLogicTest.m */ = {isa = PBXFileReference; fileEncoding = 4; lastKnownFileType = sourcecode.c.objc; path = FESearchLogicTest.m; sourceTree = "<group>"; };
		6FC615541EA3C5C300A6A517 /* FEBaseModelTest.m */ = {isa = PBXFileReference; fileEncoding = 4; lastKnownFileType = sourcecode.c.objc; path = FEBaseModelTest.m; sourceTree = "<group>"; };
		6FC615561EA3C60300A6A517 /* FEFlickrAPIDataProviderTest.m */ = {isa = PBXFileReference; fileEncoding = 4; lastKnownFileType = sourcecode.c.objc; path = FEFlickrAPIDataProviderTest.m; sourceTree = "<group>"; };
/* End PBXFileReference section */

/* Begin PBXFrameworksBuildPhase section */
		6F2D5E501E9E7B0C0038FFF5 /* Frameworks */ = {
			isa = PBXFrameworksBuildPhase;
			buildActionMask = 2147483647;
			files = (
			);
			runOnlyForDeploymentPostprocessing = 0;
		};
		6F2D5E691E9E7B0C0038FFF5 /* Frameworks */ = {
			isa = PBXFrameworksBuildPhase;
			buildActionMask = 2147483647;
			files = (
			);
			runOnlyForDeploymentPostprocessing = 0;
		};
		6F2D5E741E9E7B0C0038FFF5 /* Frameworks */ = {
			isa = PBXFrameworksBuildPhase;
			buildActionMask = 2147483647;
			files = (
			);
			runOnlyForDeploymentPostprocessing = 0;
		};
/* End PBXFrameworksBuildPhase section */

/* Begin PBXGroup section */
		6F2D5E4A1E9E7B0C0038FFF5 = {
			isa = PBXGroup;
			children = (
				6F2D5E551E9E7B0C0038FFF5 /* Flickr Explorer */,
				6F2D5E6F1E9E7B0C0038FFF5 /* Flickr ExplorerTests */,
				6F2D5E7A1E9E7B0C0038FFF5 /* Flickr ExplorerUITests */,
				6F2D5E541E9E7B0C0038FFF5 /* Products */,
			);
			sourceTree = "<group>";
		};
		6F2D5E541E9E7B0C0038FFF5 /* Products */ = {
			isa = PBXGroup;
			children = (
				6F2D5E531E9E7B0C0038FFF5 /* Flickr Explorer.app */,
				6F2D5E6C1E9E7B0C0038FFF5 /* Flickr ExplorerTests.xctest */,
				6F2D5E771E9E7B0C0038FFF5 /* Flickr ExplorerUITests.xctest */,
			);
			name = Products;
			sourceTree = "<group>";
		};
		6F2D5E551E9E7B0C0038FFF5 /* Flickr Explorer */ = {
			isa = PBXGroup;
			children = (
				6F8948111EA0C3BD0096B5A0 /* Helpers */,
				6F2D5EAE1EA08FAE0038FFF5 /* Services */,
				6F2D5EA81E9E9CDD0038FFF5 /* Views */,
				6F2D5EA31E9E8DD20038FFF5 /* Settings */,
				6F2D5E891E9E7DB70038FFF5 /* Controllers */,
				6F2D5E8F1E9E7DB70038FFF5 /* Models */,
				6F2D5E591E9E7B0C0038FFF5 /* AppDelegate.h */,
				6F2D5E5A1E9E7B0C0038FFF5 /* AppDelegate.m */,
				6F2D5E621E9E7B0C0038FFF5 /* Assets.xcassets */,
				6F2D5E951E9E86F30038FFF5 /* Launch Screen.storyboard */,
				6F2D5E671E9E7B0C0038FFF5 /* Info.plist */,
				6F2D5E561E9E7B0C0038FFF5 /* Supporting Files */,
			);
			path = "Flickr Explorer";
			sourceTree = "<group>";
		};
		6F2D5E561E9E7B0C0038FFF5 /* Supporting Files */ = {
			isa = PBXGroup;
			children = (
				6F2D5E571E9E7B0C0038FFF5 /* main.m */,
			);
			name = "Supporting Files";
			sourceTree = "<group>";
		};
		6F2D5E6F1E9E7B0C0038FFF5 /* Flickr ExplorerTests */ = {
			isa = PBXGroup;
			children = (
				6FC6154D1EA3C50700A6A517 /* Logics */,
				6FC6154E1EA3C50700A6A517 /* Models */,
				6FC6154F1EA3C50700A6A517 /* Services */,
				6F2D5E721E9E7B0C0038FFF5 /* Info.plist */,
			);
			path = "Flickr ExplorerTests";
			sourceTree = "<group>";
		};
		6F2D5E7A1E9E7B0C0038FFF5 /* Flickr ExplorerUITests */ = {
			isa = PBXGroup;
			children = (
				6F2D5E7B1E9E7B0C0038FFF5 /* Flickr_ExplorerUITests.m */,
				6F2D5E7D1E9E7B0C0038FFF5 /* Info.plist */,
			);
			path = "Flickr ExplorerUITests";
			sourceTree = "<group>";
		};
		6F2D5E891E9E7DB70038FFF5 /* Controllers */ = {
			isa = PBXGroup;
			children = (
				6F2D5E8A1E9E7DB70038FFF5 /* PhotoDetail */,
				6F2D5E8B1E9E7DB70038FFF5 /* Search */,
			);
			path = Controllers;
			sourceTree = "<group>";
		};
		6F2D5E8A1E9E7DB70038FFF5 /* PhotoDetail */ = {
			isa = PBXGroup;
			children = (
				6F1B40BE1EA250C40029C586 /* FEPhotoDetailViewController.h */,
				6F1B40BF1EA250C40029C586 /* FEPhotoDetailViewController.m */,
				6F1B40C01EA250C40029C586 /* FEPhotoDetailViewController.xib */,
			);
			path = PhotoDetail;
			sourceTree = "<group>";
		};
		6F2D5E8B1E9E7DB70038FFF5 /* Search */ = {
			isa = PBXGroup;
			children = (
				6F2D5E901E9E7DF80038FFF5 /* FESearchViewController.h */,
				6F2D5E911E9E7DF80038FFF5 /* FESearchViewController.m */,
				6F2D5E971E9E88570038FFF5 /* FESearchLogic.h */,
				6F2D5E981E9E88570038FFF5 /* FESearchLogic.m */,
			);
			path = Search;
			sourceTree = "<group>";
		};
		6F2D5E8F1E9E7DB70038FFF5 /* Models */ = {
			isa = PBXGroup;
			children = (
				6F8948051EA095530096B5A0 /* FEPhoto.h */,
				6F8948061EA095530096B5A0 /* FEPhoto.m */,
				6F8948081EA095610096B5A0 /* FEPhotoList.h */,
				6F8948091EA095610096B5A0 /* FEPhotoList.m */,
				6F8948151EA0CF200096B5A0 /* FEBaseModel.h */,
				6F8948161EA0CF200096B5A0 /* FEBaseModel.m */,
				6F8948181EA0E6700096B5A0 /* FESearchResult.h */,
				6F8948191EA0E6700096B5A0 /* FESearchResult.m */,
				6F1B40C31EA26E770029C586 /* FEPhotoInfoResult.h */,
				6F1B40C41EA26E770029C586 /* FEPhotoInfoResult.m */,
				6F1B40C61EA276C30029C586 /* FEContent.h */,
				6F1B40C71EA276C30029C586 /* FEContent.m */,
				6FC6154A1EA3BE1F00A6A517 /* FEPeople.h */,
				6FC6154B1EA3BE1F00A6A517 /* FEPeople.m */,
			);
			path = Models;
			sourceTree = "<group>";
		};
		6F2D5EA31E9E8DD20038FFF5 /* Settings */ = {
			isa = PBXGroup;
			children = (
				6F2D5EA41E9E8E120038FFF5 /* Secrets.plist */,
				6F2D5EA61E9E8FEE0038FFF5 /* Configurations.plist */,
				6F89480E1EA0B2F90096B5A0 /* FEConfigurations.h */,
				6F89480F1EA0B2F90096B5A0 /* FEConfigurations.m */,
			);
			path = Settings;
			sourceTree = "<group>";
		};
		6F2D5EA81E9E9CDD0038FFF5 /* Views */ = {
			isa = PBXGroup;
			children = (
				6F2D5EA91E9E9D730038FFF5 /* FEPhotoCollectionViewCell.h */,
				6F2D5EAA1E9E9D730038FFF5 /* FEPhotoCollectionViewCell.m */,
				6F2D5EAB1E9E9D730038FFF5 /* FEPhotoCollectionViewCell.xib */,
				6F1B40C91EA32C9D0029C586 /* FETagSelectionView.h */,
				6F1B40CA1EA32C9D0029C586 /* FETagSelectionView.m */,
				6F1B40CC1EA32CF60029C586 /* FELoadingIndicatorView.h */,
				6F1B40CD1EA32CF60029C586 /* FELoadingIndicatorView.m */,
			);
			path = Views;
			sourceTree = "<group>";
		};
		6F2D5EAE1EA08FAE0038FFF5 /* Services */ = {
			isa = PBXGroup;
			children = (
				6F2D5EAF1EA08FAE0038FFF5 /* DataServices */,
				6F2D5EB61EA08FAE0038FFF5 /* LocationServices */,
			);
			path = Services;
			sourceTree = "<group>";
		};
		6F2D5EAF1EA08FAE0038FFF5 /* DataServices */ = {
			isa = PBXGroup;
			children = (
				6F2D5EB01EA08FAE0038FFF5 /* DataParser */,
				6F2D5EB31EA08FAE0038FFF5 /* DataProvider */,
			);
			path = DataServices;
			sourceTree = "<group>";
		};
		6F2D5EB01EA08FAE0038FFF5 /* DataParser */ = {
			isa = PBXGroup;
			children = (
				6F2D5EB11EA08FAE0038FFF5 /* FEXmlParser.h */,
				6F2D5EB21EA08FAE0038FFF5 /* FEXmlParser.m */,
				6F2D5EBC1EA090FB0038FFF5 /* FEJsonParser.h */,
				6F2D5EBD1EA090FB0038FFF5 /* FEJsonParser.m */,
				6F2D5EBF1EA091210038FFF5 /* FEDataToObjectParser.h */,
			);
			path = DataParser;
			sourceTree = "<group>";
		};
		6F2D5EB31EA08FAE0038FFF5 /* DataProvider */ = {
			isa = PBXGroup;
			children = (
				6F2D5EB41EA08FAE0038FFF5 /* FEFlickrAPIDataProvider.h */,
				6F2D5EB51EA08FAE0038FFF5 /* FEFlickrAPIDataProvider.m */,
				6F89481B1EA1F8060096B5A0 /* FEImageProvider.h */,
				6F89481C1EA1F81E0096B5A0 /* FEDataProvider.h */,
				6F89481D1EA2227B0096B5A0 /* FEMemoryCache.h */,
				6F89481E1EA2227B0096B5A0 /* FEMemoryCache.m */,
				6F8948201EA2292C0096B5A0 /* FEObjectCache.h */,
			);
			path = DataProvider;
			sourceTree = "<group>";
		};
		6F2D5EB61EA08FAE0038FFF5 /* LocationServices */ = {
			isa = PBXGroup;
			children = (
				6F2D5EB91EA08FC60038FFF5 /* FELocationProvider.h */,
				6F2D5EBA1EA08FC60038FFF5 /* FELocationProvider.m */,
			);
			path = LocationServices;
			sourceTree = "<group>";
		};
		6F8948111EA0C3BD0096B5A0 /* Helpers */ = {
			isa = PBXGroup;
			children = (
				6F8948121EA0C3D70096B5A0 /* FEHelper.h */,
				6F8948131EA0C3D70096B5A0 /* FEHelper.m */,
				6F1B40CF1EA33ADF0029C586 /* FEUITheme.h */,
				6F1B40D01EA33ADF0029C586 /* FEUITheme.m */,
			);
			path = Helpers;
			sourceTree = "<group>";
		};
		6FC6154D1EA3C50700A6A517 /* Logics */ = {
			isa = PBXGroup;
			children = (
				6FC615521EA3C58E00A6A517 /* FESearchLogicTest.m */,
			);
			path = Logics;
			sourceTree = "<group>";
		};
		6FC6154E1EA3C50700A6A517 /* Models */ = {
			isa = PBXGroup;
			children = (
				6FC615501EA3C52100A6A517 /* FEPhotoListTest.m */,
				6FC615541EA3C5C300A6A517 /* FEBaseModelTest.m */,
			);
			path = Models;
			sourceTree = "<group>";
		};
		6FC6154F1EA3C50700A6A517 /* Services */ = {
			isa = PBXGroup;
			children = (
				6FC615561EA3C60300A6A517 /* FEFlickrAPIDataProviderTest.m */,
			);
			path = Services;
			sourceTree = "<group>";
		};
/* End PBXGroup section */

/* Begin PBXNativeTarget section */
		6F2D5E521E9E7B0C0038FFF5 /* Flickr Explorer */ = {
			isa = PBXNativeTarget;
			buildConfigurationList = 6F2D5E801E9E7B0C0038FFF5 /* Build configuration list for PBXNativeTarget "Flickr Explorer" */;
			buildPhases = (
				6F2D5E4F1E9E7B0C0038FFF5 /* Sources */,
				6F2D5E501E9E7B0C0038FFF5 /* Frameworks */,
				6F2D5E511E9E7B0C0038FFF5 /* Resources */,
			);
			buildRules = (
			);
			dependencies = (
			);
			name = "Flickr Explorer";
			productName = "Flickr Explorer";
			productReference = 6F2D5E531E9E7B0C0038FFF5 /* Flickr Explorer.app */;
			productType = "com.apple.product-type.application";
		};
		6F2D5E6B1E9E7B0C0038FFF5 /* Flickr ExplorerTests */ = {
			isa = PBXNativeTarget;
			buildConfigurationList = 6F2D5E831E9E7B0C0038FFF5 /* Build configuration list for PBXNativeTarget "Flickr ExplorerTests" */;
			buildPhases = (
				6F2D5E681E9E7B0C0038FFF5 /* Sources */,
				6F2D5E691E9E7B0C0038FFF5 /* Frameworks */,
				6F2D5E6A1E9E7B0C0038FFF5 /* Resources */,
			);
			buildRules = (
			);
			dependencies = (
				6F2D5E6E1E9E7B0C0038FFF5 /* PBXTargetDependency */,
			);
			name = "Flickr ExplorerTests";
			productName = "Flickr ExplorerTests";
			productReference = 6F2D5E6C1E9E7B0C0038FFF5 /* Flickr ExplorerTests.xctest */;
			productType = "com.apple.product-type.bundle.unit-test";
		};
		6F2D5E761E9E7B0C0038FFF5 /* Flickr ExplorerUITests */ = {
			isa = PBXNativeTarget;
			buildConfigurationList = 6F2D5E861E9E7B0C0038FFF5 /* Build configuration list for PBXNativeTarget "Flickr ExplorerUITests" */;
			buildPhases = (
				6F2D5E731E9E7B0C0038FFF5 /* Sources */,
				6F2D5E741E9E7B0C0038FFF5 /* Frameworks */,
				6F2D5E751E9E7B0C0038FFF5 /* Resources */,
			);
			buildRules = (
			);
			dependencies = (
				6F2D5E791E9E7B0C0038FFF5 /* PBXTargetDependency */,
			);
			name = "Flickr ExplorerUITests";
			productName = "Flickr ExplorerUITests";
			productReference = 6F2D5E771E9E7B0C0038FFF5 /* Flickr ExplorerUITests.xctest */;
			productType = "com.apple.product-type.bundle.ui-testing";
		};
/* End PBXNativeTarget section */

/* Begin PBXProject section */
		6F2D5E4B1E9E7B0C0038FFF5 /* Project object */ = {
			isa = PBXProject;
			attributes = {
				LastUpgradeCheck = 0830;
				ORGANIZATIONNAME = "Hinh Tinh Thach";
				TargetAttributes = {
					6F2D5E521E9E7B0C0038FFF5 = {
						CreatedOnToolsVersion = 8.3.1;
						ProvisioningStyle = Automatic;
					};
					6F2D5E6B1E9E7B0C0038FFF5 = {
						CreatedOnToolsVersion = 8.3.1;
						ProvisioningStyle = Automatic;
						TestTargetID = 6F2D5E521E9E7B0C0038FFF5;
					};
					6F2D5E761E9E7B0C0038FFF5 = {
						CreatedOnToolsVersion = 8.3.1;
						ProvisioningStyle = Automatic;
						TestTargetID = 6F2D5E521E9E7B0C0038FFF5;
					};
				};
			};
			buildConfigurationList = 6F2D5E4E1E9E7B0C0038FFF5 /* Build configuration list for PBXProject "Flickr Explorer" */;
			compatibilityVersion = "Xcode 3.2";
			developmentRegion = English;
			hasScannedForEncodings = 0;
			knownRegions = (
				en,
				Base,
			);
			mainGroup = 6F2D5E4A1E9E7B0C0038FFF5;
			productRefGroup = 6F2D5E541E9E7B0C0038FFF5 /* Products */;
			projectDirPath = "";
			projectRoot = "";
			targets = (
				6F2D5E521E9E7B0C0038FFF5 /* Flickr Explorer */,
				6F2D5E6B1E9E7B0C0038FFF5 /* Flickr ExplorerTests */,
				6F2D5E761E9E7B0C0038FFF5 /* Flickr ExplorerUITests */,
			);
		};
/* End PBXProject section */

/* Begin PBXResourcesBuildPhase section */
		6F2D5E511E9E7B0C0038FFF5 /* Resources */ = {
			isa = PBXResourcesBuildPhase;
			buildActionMask = 2147483647;
			files = (
				6F2D5EAD1E9E9D730038FFF5 /* FEPhotoCollectionViewCell.xib in Resources */,
				6F2D5E961E9E86F30038FFF5 /* Launch Screen.storyboard in Resources */,
				6F2D5EA71E9E8FEE0038FFF5 /* Configurations.plist in Resources */,
				6F2D5EA51E9E8E120038FFF5 /* Secrets.plist in Resources */,
				6F2D5E631E9E7B0C0038FFF5 /* Assets.xcassets in Resources */,
				6F1B40C21EA250C40029C586 /* FEPhotoDetailViewController.xib in Resources */,
			);
			runOnlyForDeploymentPostprocessing = 0;
		};
		6F2D5E6A1E9E7B0C0038FFF5 /* Resources */ = {
			isa = PBXResourcesBuildPhase;
			buildActionMask = 2147483647;
			files = (
			);
			runOnlyForDeploymentPostprocessing = 0;
		};
		6F2D5E751E9E7B0C0038FFF5 /* Resources */ = {
			isa = PBXResourcesBuildPhase;
			buildActionMask = 2147483647;
			files = (
			);
			runOnlyForDeploymentPostprocessing = 0;
		};
/* End PBXResourcesBuildPhase section */

/* Begin PBXSourcesBuildPhase section */
		6F2D5E4F1E9E7B0C0038FFF5 /* Sources */ = {
			isa = PBXSourcesBuildPhase;
			buildActionMask = 2147483647;
			files = (
				6F2D5E921E9E7DF80038FFF5 /* FESearchViewController.m in Sources */,
				6F89480A1EA095610096B5A0 /* FEPhotoList.m in Sources */,
				6F1B40C51EA26E770029C586 /* FEPhotoInfoResult.m in Sources */,
				6F2D5EBE1EA090FB0038FFF5 /* FEJsonParser.m in Sources */,
				6F1B40C81EA276C30029C586 /* FEContent.m in Sources */,
				6F1B40C11EA250C40029C586 /* FEPhotoDetailViewController.m in Sources */,
				6F8948071EA095530096B5A0 /* FEPhoto.m in Sources */,
				6F1B40CB1EA32C9D0029C586 /* FETagSelectionView.m in Sources */,
				6F8948141EA0C3D70096B5A0 /* FEHelper.m in Sources */,
				6F1B40CE1EA32CF60029C586 /* FELoadingIndicatorView.m in Sources */,
				6F8948171EA0CF200096B5A0 /* FEBaseModel.m in Sources */,
				6F8948101EA0B2F90096B5A0 /* FEConfigurations.m in Sources */,
				6F2D5EB81EA08FAE0038FFF5 /* FEFlickrAPIDataProvider.m in Sources */,
				6F2D5EAC1E9E9D730038FFF5 /* FEPhotoCollectionViewCell.m in Sources */,
				6F89481F1EA2227B0096B5A0 /* FEMemoryCache.m in Sources */,
				6F2D5E991E9E88570038FFF5 /* FESearchLogic.m in Sources */,
				6F2D5E5B1E9E7B0C0038FFF5 /* AppDelegate.m in Sources */,
				6F89481A1EA0E6700096B5A0 /* FESearchResult.m in Sources */,
				6FC6154C1EA3BE1F00A6A517 /* FEPeople.m in Sources */,
				6F1B40D11EA33ADF0029C586 /* FEUITheme.m in Sources */,
				6F2D5EB71EA08FAE0038FFF5 /* FEXmlParser.m in Sources */,
				6F2D5EBB1EA08FC60038FFF5 /* FELocationProvider.m in Sources */,
				6F2D5E581E9E7B0C0038FFF5 /* main.m in Sources */,
			);
			runOnlyForDeploymentPostprocessing = 0;
		};
		6F2D5E681E9E7B0C0038FFF5 /* Sources */ = {
			isa = PBXSourcesBuildPhase;
			buildActionMask = 2147483647;
			files = (
				6FC615511EA3C52100A6A517 /* FEPhotoListTest.m in Sources */,
				6FC615571EA3C60300A6A517 /* FEFlickrAPIDataProviderTest.m in Sources */,
				6FC615531EA3C58E00A6A517 /* FESearchLogicTest.m in Sources */,
				6FC615551EA3C5C300A6A517 /* FEBaseModelTest.m in Sources */,
			);
			runOnlyForDeploymentPostprocessing = 0;
		};
		6F2D5E731E9E7B0C0038FFF5 /* Sources */ = {
			isa = PBXSourcesBuildPhase;
			buildActionMask = 2147483647;
			files = (
				6F2D5E7C1E9E7B0C0038FFF5 /* Flickr_ExplorerUITests.m in Sources */,
			);
			runOnlyForDeploymentPostprocessing = 0;
		};
/* End PBXSourcesBuildPhase section */

/* Begin PBXTargetDependency section */
		6F2D5E6E1E9E7B0C0038FFF5 /* PBXTargetDependency */ = {
			isa = PBXTargetDependency;
			target = 6F2D5E521E9E7B0C0038FFF5 /* Flickr Explorer */;
			targetProxy = 6F2D5E6D1E9E7B0C0038FFF5 /* PBXContainerItemProxy */;
		};
		6F2D5E791E9E7B0C0038FFF5 /* PBXTargetDependency */ = {
			isa = PBXTargetDependency;
			target = 6F2D5E521E9E7B0C0038FFF5 /* Flickr Explorer */;
			targetProxy = 6F2D5E781E9E7B0C0038FFF5 /* PBXContainerItemProxy */;
		};
/* End PBXTargetDependency section */

/* Begin XCBuildConfiguration section */
		6F2D5E7E1E9E7B0C0038FFF5 /* Debug */ = {
			isa = XCBuildConfiguration;
			buildSettings = {
				ALWAYS_SEARCH_USER_PATHS = NO;
				CLANG_ANALYZER_NONNULL = YES;
				CLANG_ANALYZER_NUMBER_OBJECT_CONVERSION = YES_AGGRESSIVE;
				CLANG_CXX_LANGUAGE_STANDARD = "gnu++0x";
				CLANG_CXX_LIBRARY = "libc++";
				CLANG_ENABLE_MODULES = YES;
				CLANG_ENABLE_OBJC_ARC = YES;
				CLANG_WARN_BOOL_CONVERSION = YES;
				CLANG_WARN_CONSTANT_CONVERSION = YES;
				CLANG_WARN_DIRECT_OBJC_ISA_USAGE = YES_ERROR;
				CLANG_WARN_DOCUMENTATION_COMMENTS = YES;
				CLANG_WARN_EMPTY_BODY = YES;
				CLANG_WARN_ENUM_CONVERSION = YES;
				CLANG_WARN_INFINITE_RECURSION = YES;
				CLANG_WARN_INT_CONVERSION = YES;
				CLANG_WARN_OBJC_ROOT_CLASS = YES_ERROR;
				CLANG_WARN_SUSPICIOUS_MOVE = YES;
				CLANG_WARN_UNREACHABLE_CODE = YES;
				CLANG_WARN__DUPLICATE_METHOD_MATCH = YES;
				"CODE_SIGN_IDENTITY[sdk=iphoneos*]" = "iPhone Developer";
				COPY_PHASE_STRIP = NO;
				DEBUG_INFORMATION_FORMAT = dwarf;
				ENABLE_STRICT_OBJC_MSGSEND = YES;
				ENABLE_TESTABILITY = YES;
				GCC_C_LANGUAGE_STANDARD = gnu99;
				GCC_DYNAMIC_NO_PIC = NO;
				GCC_NO_COMMON_BLOCKS = YES;
				GCC_OPTIMIZATION_LEVEL = 0;
				GCC_PREPROCESSOR_DEFINITIONS = (
					"DEBUG=1",
					"$(inherited)",
				);
				GCC_WARN_64_TO_32_BIT_CONVERSION = YES;
				GCC_WARN_ABOUT_RETURN_TYPE = YES_ERROR;
				GCC_WARN_UNDECLARED_SELECTOR = YES;
				GCC_WARN_UNINITIALIZED_AUTOS = YES_AGGRESSIVE;
				GCC_WARN_UNUSED_FUNCTION = YES;
				GCC_WARN_UNUSED_VARIABLE = YES;
				IPHONEOS_DEPLOYMENT_TARGET = 10.3;
				MTL_ENABLE_DEBUG_INFO = YES;
				ONLY_ACTIVE_ARCH = YES;
				SDKROOT = iphoneos;
				TARGETED_DEVICE_FAMILY = "1,2";
			};
			name = Debug;
		};
		6F2D5E7F1E9E7B0C0038FFF5 /* Release */ = {
			isa = XCBuildConfiguration;
			buildSettings = {
				ALWAYS_SEARCH_USER_PATHS = NO;
				CLANG_ANALYZER_NONNULL = YES;
				CLANG_ANALYZER_NUMBER_OBJECT_CONVERSION = YES_AGGRESSIVE;
				CLANG_CXX_LANGUAGE_STANDARD = "gnu++0x";
				CLANG_CXX_LIBRARY = "libc++";
				CLANG_ENABLE_MODULES = YES;
				CLANG_ENABLE_OBJC_ARC = YES;
				CLANG_WARN_BOOL_CONVERSION = YES;
				CLANG_WARN_CONSTANT_CONVERSION = YES;
				CLANG_WARN_DIRECT_OBJC_ISA_USAGE = YES_ERROR;
				CLANG_WARN_DOCUMENTATION_COMMENTS = YES;
				CLANG_WARN_EMPTY_BODY = YES;
				CLANG_WARN_ENUM_CONVERSION = YES;
				CLANG_WARN_INFINITE_RECURSION = YES;
				CLANG_WARN_INT_CONVERSION = YES;
				CLANG_WARN_OBJC_ROOT_CLASS = YES_ERROR;
				CLANG_WARN_SUSPICIOUS_MOVE = YES;
				CLANG_WARN_UNREACHABLE_CODE = YES;
				CLANG_WARN__DUPLICATE_METHOD_MATCH = YES;
				"CODE_SIGN_IDENTITY[sdk=iphoneos*]" = "iPhone Developer";
				COPY_PHASE_STRIP = NO;
				DEBUG_INFORMATION_FORMAT = "dwarf-with-dsym";
				ENABLE_NS_ASSERTIONS = NO;
				ENABLE_STRICT_OBJC_MSGSEND = YES;
				GCC_C_LANGUAGE_STANDARD = gnu99;
				GCC_NO_COMMON_BLOCKS = YES;
				GCC_WARN_64_TO_32_BIT_CONVERSION = YES;
				GCC_WARN_ABOUT_RETURN_TYPE = YES_ERROR;
				GCC_WARN_UNDECLARED_SELECTOR = YES;
				GCC_WARN_UNINITIALIZED_AUTOS = YES_AGGRESSIVE;
				GCC_WARN_UNUSED_FUNCTION = YES;
				GCC_WARN_UNUSED_VARIABLE = YES;
				IPHONEOS_DEPLOYMENT_TARGET = 10.3;
				MTL_ENABLE_DEBUG_INFO = NO;
				SDKROOT = iphoneos;
				TARGETED_DEVICE_FAMILY = "1,2";
				VALIDATE_PRODUCT = YES;
			};
			name = Release;
		};
		6F2D5E811E9E7B0C0038FFF5 /* Debug */ = {
			isa = XCBuildConfiguration;
			buildSettings = {
				ASSETCATALOG_COMPILER_APPICON_NAME = AppIcon;
				INFOPLIST_FILE = "Flickr Explorer/Info.plist";
				IPHONEOS_DEPLOYMENT_TARGET = 8.0;
				LD_RUNPATH_SEARCH_PATHS = "$(inherited) @executable_path/Frameworks";
				PRODUCT_BUNDLE_IDENTIFIER = "hinhtinhthach.Flickr-Explorer";
				PRODUCT_NAME = "$(TARGET_NAME)";
			};
			name = Debug;
		};
		6F2D5E821E9E7B0C0038FFF5 /* Release */ = {
			isa = XCBuildConfiguration;
			buildSettings = {
				ASSETCATALOG_COMPILER_APPICON_NAME = AppIcon;
				INFOPLIST_FILE = "Flickr Explorer/Info.plist";
				IPHONEOS_DEPLOYMENT_TARGET = 8.0;
				LD_RUNPATH_SEARCH_PATHS = "$(inherited) @executable_path/Frameworks";
				PRODUCT_BUNDLE_IDENTIFIER = "hinhtinhthach.Flickr-Explorer";
				PRODUCT_NAME = "$(TARGET_NAME)";
			};
			name = Release;
		};
		6F2D5E841E9E7B0C0038FFF5 /* Debug */ = {
			isa = XCBuildConfiguration;
			buildSettings = {
				BUNDLE_LOADER = "$(TEST_HOST)";
				INFOPLIST_FILE = "Flickr ExplorerTests/Info.plist";
				LD_RUNPATH_SEARCH_PATHS = "$(inherited) @executable_path/Frameworks @loader_path/Frameworks";
				PRODUCT_BUNDLE_IDENTIFIER = "hinhtinhthach.Flickr-ExplorerTests";
				PRODUCT_NAME = "$(TARGET_NAME)";
				TEST_HOST = "$(BUILT_PRODUCTS_DIR)/Flickr Explorer.app/Flickr Explorer";
			};
			name = Debug;
		};
		6F2D5E851E9E7B0C0038FFF5 /* Release */ = {
			isa = XCBuildConfiguration;
			buildSettings = {
				BUNDLE_LOADER = "$(TEST_HOST)";
				INFOPLIST_FILE = "Flickr ExplorerTests/Info.plist";
				LD_RUNPATH_SEARCH_PATHS = "$(inherited) @executable_path/Frameworks @loader_path/Frameworks";
				PRODUCT_BUNDLE_IDENTIFIER = "hinhtinhthach.Flickr-ExplorerTests";
				PRODUCT_NAME = "$(TARGET_NAME)";
				TEST_HOST = "$(BUILT_PRODUCTS_DIR)/Flickr Explorer.app/Flickr Explorer";
			};
			name = Release;
		};
		6F2D5E871E9E7B0C0038FFF5 /* Debug */ = {
			isa = XCBuildConfiguration;
			buildSettings = {
				INFOPLIST_FILE = "Flickr ExplorerUITests/Info.plist";
				LD_RUNPATH_SEARCH_PATHS = "$(inherited) @executable_path/Frameworks @loader_path/Frameworks";
				PRODUCT_BUNDLE_IDENTIFIER = "hinhtinhthach.Flickr-ExplorerUITests";
				PRODUCT_NAME = "$(TARGET_NAME)";
				TEST_TARGET_NAME = "Flickr Explorer";
			};
			name = Debug;
		};
		6F2D5E881E9E7B0C0038FFF5 /* Release */ = {
			isa = XCBuildConfiguration;
			buildSettings = {
				INFOPLIST_FILE = "Flickr ExplorerUITests/Info.plist";
				LD_RUNPATH_SEARCH_PATHS = "$(inherited) @executable_path/Frameworks @loader_path/Frameworks";
				PRODUCT_BUNDLE_IDENTIFIER = "hinhtinhthach.Flickr-ExplorerUITests";
				PRODUCT_NAME = "$(TARGET_NAME)";
				TEST_TARGET_NAME = "Flickr Explorer";
			};
			name = Release;
		};
/* End XCBuildConfiguration section */

/* Begin XCConfigurationList section */
		6F2D5E4E1E9E7B0C0038FFF5 /* Build configuration list for PBXProject "Flickr Explorer" */ = {
			isa = XCConfigurationList;
			buildConfigurations = (
				6F2D5E7E1E9E7B0C0038FFF5 /* Debug */,
				6F2D5E7F1E9E7B0C0038FFF5 /* Release */,
			);
			defaultConfigurationIsVisible = 0;
			defaultConfigurationName = Release;
		};
		6F2D5E801E9E7B0C0038FFF5 /* Build configuration list for PBXNativeTarget "Flickr Explorer" */ = {
			isa = XCConfigurationList;
			buildConfigurations = (
				6F2D5E811E9E7B0C0038FFF5 /* Debug */,
				6F2D5E821E9E7B0C0038FFF5 /* Release */,
			);
			defaultConfigurationIsVisible = 0;
			defaultConfigurationName = Release;
		};
		6F2D5E831E9E7B0C0038FFF5 /* Build configuration list for PBXNativeTarget "Flickr ExplorerTests" */ = {
			isa = XCConfigurationList;
			buildConfigurations = (
				6F2D5E841E9E7B0C0038FFF5 /* Debug */,
				6F2D5E851E9E7B0C0038FFF5 /* Release */,
			);
			defaultConfigurationIsVisible = 0;
			defaultConfigurationName = Release;
		};
		6F2D5E861E9E7B0C0038FFF5 /* Build configuration list for PBXNativeTarget "Flickr ExplorerUITests" */ = {
			isa = XCConfigurationList;
			buildConfigurations = (
				6F2D5E871E9E7B0C0038FFF5 /* Debug */,
				6F2D5E881E9E7B0C0038FFF5 /* Release */,
			);
			defaultConfigurationIsVisible = 0;
			defaultConfigurationName = Release;
		};
/* End XCConfigurationList section */
	};
	rootObject = 6F2D5E4B1E9E7B0C0038FFF5 /* Project object */;
}
